
Microsoft Visual Studio Solution File, Format Version 12.00
# Visual Studio Version 17
VisualStudioVersion = 17.7.34031.279
MinimumVisualStudioVersion = 10.0.40219.1
Project("{8BC9CEB8-8B4A-11D0-8D11-00A0C91BC942}") = "Rise of the AI", "Rise of the AI.vcxproj", "{BFC36871-CAD3-4CF7-9902-0E69714F9E7B}"
EndProject
Global
	GlobalSection(SolutionConfigurationPlatforms) = preSolution
		Debug|x64 = Debug|x64
		Debug|x86 = Debug|x86
		Release|x64 = Release|x64
		Release|x86 = Release|x86
	EndGlobalSection
	GlobalSection(ProjectConfigurationPlatforms) = postSolution
		{BFC36871-CAD3-4CF7-9902-0E69714F9E7B}.Debug|x64.ActiveCfg = Debug|x64
		{BFC36871-CAD3-4CF7-9902-0E69714F9E7B}.Debug|x64.Build.0 = Debug|x64
		{BFC36871-CAD3-4CF7-9902-0E69714F9E7B}.Debug|x86.ActiveCfg = Debug|Win32
		{BFC36871-CAD3-4CF7-9902-0E69714F9E7B}.Debug|x86.Build.0 = Debug|Win32
		{BFC36871-CAD3-4CF7-9902-0E69714F9E7B}.Release|x64.ActiveCfg = Release|x64
		{BFC36871-CAD3-4CF7-9902-0E69714F9E7B}.Release|x64.Build.0 = Release|x64
		{BFC36871-CAD3-4CF7-9902-0E69714F9E7B}.Release|x86.ActiveCfg = Release|Win32
		{BFC36871-CAD3-4CF7-9902-0E69714F9E7B}.Release|x86.Build.0 = Release|Win32
	EndGlobalSection
	GlobalSection(SolutionProperties) = preSolution
		HideSolutionNode = FALSE
	EndGlobalSection
	GlobalSection(ExtensibilityGlobals) = postSolution
		SolutionGuid = {7596B1F1-8AFE-4B0E-9935-33844EF00D3D}
	EndGlobalSection
EndGlobal
